
Microsoft Visual Studio Solution File, Format Version 12.00
# Visual Studio 15
VisualStudioVersion = 15.0.27703.2035
MinimumVisualStudioVersion = 10.0.40219.1
Project("{FAE04EC0-301F-11D3-BF4B-00C04F79EFBC}") = "SportsStore.WebUI", "SportsStore.WebUI\SportsStore.WebUI.csproj", "{9EF78BC4-4F39-4F41-B881-89E7C21B7C73}"
EndProject
Project("{FAE04EC0-301F-11D3-BF4B-00C04F79EFBC}") = "SportsStore.Domain", "SportsStore.Domain\SportsStore.Domain.csproj", "{567CCBB4-9B9D-4D37-8C0F-937A1E5F1C1A}"
EndProject
Project("{FAE04EC0-301F-11D3-BF4B-00C04F79EFBC}") = "SportsStore.UnitTests", "SportsStore.UnitTests\SportsStore.UnitTests.csproj", "{239303A2-7F03-46A2-907E-4209C22F1C60}"
EndProject
Global
	GlobalSection(SolutionConfigurationPlatforms) = preSolution
		Debug|Any CPU = Debug|Any CPU
		Release|Any CPU = Release|Any CPU
	EndGlobalSection
	GlobalSection(ProjectConfigurationPlatforms) = postSolution
		{9EF78BC4-4F39-4F41-B881-89E7C21B7C73}.Debug|Any CPU.ActiveCfg = Debug|Any CPU
		{9EF78BC4-4F39-4F41-B881-89E7C21B7C73}.Debug|Any CPU.Build.0 = Debug|Any CPU
		{9EF78BC4-4F39-4F41-B881-89E7C21B7C73}.Release|Any CPU.ActiveCfg = Release|Any CPU
		{9EF78BC4-4F39-4F41-B881-89E7C21B7C73}.Release|Any CPU.Build.0 = Release|Any CPU
		{567CCBB4-9B9D-4D37-8C0F-937A1E5F1C1A}.Debug|Any CPU.ActiveCfg = Debug|Any CPU
		{567CCBB4-9B9D-4D37-8C0F-937A1E5F1C1A}.Debug|Any CPU.Build.0 = Debug|Any CPU
		{567CCBB4-9B9D-4D37-8C0F-937A1E5F1C1A}.Release|Any CPU.ActiveCfg = Release|Any CPU
		{567CCBB4-9B9D-4D37-8C0F-937A1E5F1C1A}.Release|Any CPU.Build.0 = Release|Any CPU
		{239303A2-7F03-46A2-907E-4209C22F1C60}.Debug|Any CPU.ActiveCfg = Debug|Any CPU
		{239303A2-7F03-46A2-907E-4209C22F1C60}.Debug|Any CPU.Build.0 = Debug|Any CPU
		{239303A2-7F03-46A2-907E-4209C22F1C60}.Release|Any CPU.ActiveCfg = Release|Any CPU
		{239303A2-7F03-46A2-907E-4209C22F1C60}.Release|Any CPU.Build.0 = Release|Any CPU
	EndGlobalSection
	GlobalSection(SolutionProperties) = preSolution
		HideSolutionNode = FALSE
	EndGlobalSection
	GlobalSection(ExtensibilityGlobals) = postSolution
		SolutionGuid = {2EA1D504-529A-4654-8C08-C060EDED2871}
	EndGlobalSection
EndGlobal
